
Microsoft Visual Studio Solution File, Format Version 12.00
# Visual Studio Version 17
VisualStudioVersion = 17.6.33829.357
MinimumVisualStudioVersion = 10.0.40219.1
Project("{9A19103F-16F7-4668-BE54-9A1E7A4F7556}") = "Model", "Model\Model.csproj", "{2C6F449D-9570-42BE-8740-AC9A0B78B87F}"
EndProject
Project("{9A19103F-16F7-4668-BE54-9A1E7A4F7556}") = "Repository", "Repository\Repository.csproj", "{FECD3D15-5632-42AF-A585-28418B83F40F}"
EndProject
Project("{9A19103F-16F7-4668-BE54-9A1E7A4F7556}") = "Service", "Service\Service.csproj", "{9977596C-E882-4B0F-A4DB-2B643DD64B8A}"
EndProject
Project("{9A19103F-16F7-4668-BE54-9A1E7A4F7556}") = "API", "API\API.csproj", "{DD9B341D-3616-474C-9AED-8F9E1653012D}"
EndProject
Global
	GlobalSection(SolutionConfigurationPlatforms) = preSolution
		Debug|Any CPU = Debug|Any CPU
		Release|Any CPU = Release|Any CPU
	EndGlobalSection
	GlobalSection(ProjectConfigurationPlatforms) = postSolution
		{2C6F449D-9570-42BE-8740-AC9A0B78B87F}.Debug|Any CPU.ActiveCfg = Debug|Any CPU
		{2C6F449D-9570-42BE-8740-AC9A0B78B87F}.Debug|Any CPU.Build.0 = Debug|Any CPU
		{2C6F449D-9570-42BE-8740-AC9A0B78B87F}.Release|Any CPU.ActiveCfg = Release|Any CPU
		{2C6F449D-9570-42BE-8740-AC9A0B78B87F}.Release|Any CPU.Build.0 = Release|Any CPU
		{FECD3D15-5632-42AF-A585-28418B83F40F}.Debug|Any CPU.ActiveCfg = Debug|Any CPU
		{FECD3D15-5632-42AF-A585-28418B83F40F}.Debug|Any CPU.Build.0 = Debug|Any CPU
		{FECD3D15-5632-42AF-A585-28418B83F40F}.Release|Any CPU.ActiveCfg = Release|Any CPU
		{FECD3D15-5632-42AF-A585-28418B83F40F}.Release|Any CPU.Build.0 = Release|Any CPU
		{9977596C-E882-4B0F-A4DB-2B643DD64B8A}.Debug|Any CPU.ActiveCfg = Debug|Any CPU
		{9977596C-E882-4B0F-A4DB-2B643DD64B8A}.Debug|Any CPU.Build.0 = Debug|Any CPU
		{9977596C-E882-4B0F-A4DB-2B643DD64B8A}.Release|Any CPU.ActiveCfg = Release|Any CPU
		{9977596C-E882-4B0F-A4DB-2B643DD64B8A}.Release|Any CPU.Build.0 = Release|Any CPU
		{DD9B341D-3616-474C-9AED-8F9E1653012D}.Debug|Any CPU.ActiveCfg = Debug|Any CPU
		{DD9B341D-3616-474C-9AED-8F9E1653012D}.Debug|Any CPU.Build.0 = Debug|Any CPU
		{DD9B341D-3616-474C-9AED-8F9E1653012D}.Release|Any CPU.ActiveCfg = Release|Any CPU
		{DD9B341D-3616-474C-9AED-8F9E1653012D}.Release|Any CPU.Build.0 = Release|Any CPU
	EndGlobalSection
	GlobalSection(SolutionProperties) = preSolution
		HideSolutionNode = FALSE
	EndGlobalSection
	GlobalSection(ExtensibilityGlobals) = postSolution
		SolutionGuid = {224A4EDC-7F66-4A11-9903-33FC6BD54D6B}
	EndGlobalSection
EndGlobal
